
Microsoft Visual Studio Solution File, Format Version 12.00
# Visual Studio Version 16
VisualStudioVersion = 16.0.30320.27
MinimumVisualStudioVersion = 10.0.40219.1
Project("{FAE04EC0-301F-11D3-BF4B-00C04F79EFBC}") = "Cosmos.Example.Api", "Cosmos.Example.Api\Cosmos.Example.Api.csproj", "{831CA346-875B-4756-9B08-4813CA84C22D}"
EndProject
Project("{FAE04EC0-301F-11D3-BF4B-00C04F79EFBC}") = "Cosmos.Example.Domain", "Cosmos.Example.Domain\Cosmos.Example.Domain.csproj", "{C3229D73-B162-4006-9021-09CF8A2B6495}"
EndProject
Project("{FAE04EC0-301F-11D3-BF4B-00C04F79EFBC}") = "Cosmos.Example.Infrastructure", "Cosmos.Example.Infrastructure\Cosmos.Example.Infrastructure.csproj", "{6AC1CC7F-8507-4C60-AF72-C76DC772AF92}"
EndProject
Global
	GlobalSection(SolutionConfigurationPlatforms) = preSolution
		Debug|Any CPU = Debug|Any CPU
		Release|Any CPU = Release|Any CPU
	EndGlobalSection
	GlobalSection(ProjectConfigurationPlatforms) = postSolution
		{831CA346-875B-4756-9B08-4813CA84C22D}.Debug|Any CPU.ActiveCfg = Debug|Any CPU
		{831CA346-875B-4756-9B08-4813CA84C22D}.Debug|Any CPU.Build.0 = Debug|Any CPU
		{831CA346-875B-4756-9B08-4813CA84C22D}.Release|Any CPU.ActiveCfg = Release|Any CPU
		{831CA346-875B-4756-9B08-4813CA84C22D}.Release|Any CPU.Build.0 = Release|Any CPU
		{C3229D73-B162-4006-9021-09CF8A2B6495}.Debug|Any CPU.ActiveCfg = Debug|Any CPU
		{C3229D73-B162-4006-9021-09CF8A2B6495}.Debug|Any CPU.Build.0 = Debug|Any CPU
		{C3229D73-B162-4006-9021-09CF8A2B6495}.Release|Any CPU.ActiveCfg = Release|Any CPU
		{C3229D73-B162-4006-9021-09CF8A2B6495}.Release|Any CPU.Build.0 = Release|Any CPU
		{6AC1CC7F-8507-4C60-AF72-C76DC772AF92}.Debug|Any CPU.ActiveCfg = Debug|Any CPU
		{6AC1CC7F-8507-4C60-AF72-C76DC772AF92}.Debug|Any CPU.Build.0 = Debug|Any CPU
		{6AC1CC7F-8507-4C60-AF72-C76DC772AF92}.Release|Any CPU.ActiveCfg = Release|Any CPU
		{6AC1CC7F-8507-4C60-AF72-C76DC772AF92}.Release|Any CPU.Build.0 = Release|Any CPU
	EndGlobalSection
	GlobalSection(SolutionProperties) = preSolution
		HideSolutionNode = FALSE
	EndGlobalSection
	GlobalSection(ExtensibilityGlobals) = postSolution
		SolutionGuid = {BBED54D9-6ABE-4D46-82EF-A0C6C00348B3}
	EndGlobalSection
EndGlobal
